{
  "lockfileVersion": 1,
  "workspaces": {
    "": {
      "name": "bun-react-template",
      "dependencies": {
        "@biomejs/biome": "^2.0.0-beta.5",
        "@types/yargs": "^17.0.33",
        "arktype": "^2.1.20",
        "bun-plugin-tailwind": "^0.0.15",
        "chalk": "^5.4.1",
        "figlet": "^1.8.1",
        "inquirer": "^12.6.1",
        "node-fetch": "^3.3.2",
        "ora": "^8.2.0",
        "react": "^19.1.0",
        "react-dom": "^19.1.0",
        "tailwindcss": "^4.1.7",
        "yargs": "^17.7.2",
      },
      "devDependencies": {
        "@types/bun": "^1.2.13",
        "@types/react": "^19.1.4",
        "@types/react-dom": "^19.1.5",
      },
    },
  },
  "trustedDependencies": [
    "@biomejs/biome",
  ],
  "packages": {
    "@ark/schema": ["@ark/schema@0.46.0", "", { "dependencies": { "@ark/util": "0.46.0" } }, "sha512-c2UQdKgP2eqqDArfBqQIJppxJHvNNXuQPeuSPlDML4rjw+f1cu0qAlzOG4b8ujgm9ctIDWwhpyw6gjG5ledIVQ=="],

    "@ark/util": ["@ark/util@0.46.0", "", {}, "sha512-JPy/NGWn/lvf1WmGCPw2VGpBg5utZraE84I7wli18EDF3p3zc/e9WolT35tINeZO3l7C77SjqRJeAUoT0CvMRg=="],

    "@biomejs/biome": ["@biomejs/biome@2.0.0-beta.5", "", { "optionalDependencies": { "@biomejs/cli-darwin-arm64": "2.0.0-beta.5", "@biomejs/cli-darwin-x64": "2.0.0-beta.5", "@biomejs/cli-linux-arm64": "2.0.0-beta.5", "@biomejs/cli-linux-arm64-musl": "2.0.0-beta.5", "@biomejs/cli-linux-x64": "2.0.0-beta.5", "@biomejs/cli-linux-x64-musl": "2.0.0-beta.5", "@biomejs/cli-win32-arm64": "2.0.0-beta.5", "@biomejs/cli-win32-x64": "2.0.0-beta.5" }, "bin": { "biome": "bin/biome" } }, "sha512-1ldO4AepieVvg4aLi1ubZkA7NsefQT2UTNssbJbDiQTGem8kCHx/PZCwLxIR6UzFpGIjh0xsDzivyVvhnmqmuA=="],

    "@biomejs/cli-darwin-arm64": ["@biomejs/cli-darwin-arm64@2.0.0-beta.5", "", { "os": "darwin", "cpu": "arm64" }, "sha512-pnJiaoDpwGo+ctGkMu4POcO8jgOgCErBdYbhutr+K9rxxJS+TlHLr0LR91GCEWbGV2O1oyZRFQcW21rYFoak4w=="],

    "@biomejs/cli-darwin-x64": ["@biomejs/cli-darwin-x64@2.0.0-beta.5", "", { "os": "darwin", "cpu": "x64" }, "sha512-WwEZpqcmsNoFpZkUFNQcbZo52WK4hLGQ0vZk3PQ8JlZ55gJsHiyhtv6aem6fVlyVCvZgpsC0sYPLE3VvFVKNAQ=="],

    "@biomejs/cli-linux-arm64": ["@biomejs/cli-linux-arm64@2.0.0-beta.5", "", { "os": "linux", "cpu": "arm64" }, "sha512-lAF1de+Ki0vnq14NwDXouKkAR/iviyMNrUngSHjTGFC4z8XGVEfIw0ZMSm7fAdJZ5fAWodt9HiYmEAVs5EtHQg=="],

    "@biomejs/cli-linux-arm64-musl": ["@biomejs/cli-linux-arm64-musl@2.0.0-beta.5", "", { "os": "linux", "cpu": "arm64" }, "sha512-4vxNkYx1uEt211W8hLdXddc7icRHQgYENb72g6uTd/tLVPSBvIwqUAxAOkU+9Ai1E/8R4sWy7HIxREgpuFgbNA=="],

    "@biomejs/cli-linux-x64": ["@biomejs/cli-linux-x64@2.0.0-beta.5", "", { "os": "linux", "cpu": "x64" }, "sha512-I0Pt1VHeL1mN8G7ZwV2u9AfzBd5ZKfbvHUI4x2wETUZbwcQlAu/nEzEa2LUe5HqSmnctTR36ig7RkkM9qbmIrA=="],

    "@biomejs/cli-linux-x64-musl": ["@biomejs/cli-linux-x64-musl@2.0.0-beta.5", "", { "os": "linux", "cpu": "x64" }, "sha512-nUeKGO517GtRCxziVD9les1HiCs2s2/WIVITMN9+9RRuLOko8r+T77E8ZXEmlfLOfOIOeE6z62WITqei3oNccA=="],

    "@biomejs/cli-win32-arm64": ["@biomejs/cli-win32-arm64@2.0.0-beta.5", "", { "os": "win32", "cpu": "arm64" }, "sha512-YXW6hgbrgBcWQ1SLO69ypWlluPchgQV5C1lTG4xOcBUWdCsfYuQirM64S6Dov7SFPqsMIoFC6LlQRW+n8qAyiA=="],

    "@biomejs/cli-win32-x64": ["@biomejs/cli-win32-x64@2.0.0-beta.5", "", { "os": "win32", "cpu": "x64" }, "sha512-N7Yby52BJmvEdst1iMbclE5hxxefboaXKRJLm1tLfBYr4FeuoCe6j8HdiQSwhCRdIUGFFqBLaDXh//LLF6EReA=="],

    "@inquirer/checkbox": ["@inquirer/checkbox@4.1.6", "", { "dependencies": { "@inquirer/core": "^10.1.11", "@inquirer/figures": "^1.0.11", "@inquirer/type": "^3.0.6", "ansi-escapes": "^4.3.2", "yoctocolors-cjs": "^2.1.2" }, "peerDependencies": { "@types/node": ">=18" }, "optionalPeers": ["@types/node"] }, "sha512-62u896rWCtKKE43soodq5e/QcRsA22I+7/4Ov7LESWnKRO6BVo2A1DFLDmXL9e28TB0CfHc3YtkbPm7iwajqkg=="],

    "@inquirer/confirm": ["@inquirer/confirm@5.1.10", "", { "dependencies": { "@inquirer/core": "^10.1.11", "@inquirer/type": "^3.0.6" }, "peerDependencies": { "@types/node": ">=18" }, "optionalPeers": ["@types/node"] }, "sha512-FxbQ9giWxUWKUk2O5XZ6PduVnH2CZ/fmMKMBkH71MHJvWr7WL5AHKevhzF1L5uYWB2P548o1RzVxrNd3dpmk6g=="],

    "@inquirer/core": ["@inquirer/core@10.1.11", "", { "dependencies": { "@inquirer/figures": "^1.0.11", "@inquirer/type": "^3.0.6", "ansi-escapes": "^4.3.2", "cli-width": "^4.1.0", "mute-stream": "^2.0.0", "signal-exit": "^4.1.0", "wrap-ansi": "^6.2.0", "yoctocolors-cjs": "^2.1.2" }, "peerDependencies": { "@types/node": ">=18" }, "optionalPeers": ["@types/node"] }, "sha512-BXwI/MCqdtAhzNQlBEFE7CEflhPkl/BqvAuV/aK6lW3DClIfYVDWPP/kXuXHtBWC7/EEbNqd/1BGq2BGBBnuxw=="],

    "@inquirer/editor": ["@inquirer/editor@4.2.11", "", { "dependencies": { "@inquirer/core": "^10.1.11", "@inquirer/type": "^3.0.6", "external-editor": "^3.1.0" }, "peerDependencies": { "@types/node": ">=18" }, "optionalPeers": ["@types/node"] }, "sha512-YoZr0lBnnLFPpfPSNsQ8IZyKxU47zPyVi9NLjCWtna52//M/xuL0PGPAxHxxYhdOhnvY2oBafoM+BI5w/JK7jw=="],

    "@inquirer/expand": ["@inquirer/expand@4.0.13", "", { "dependencies": { "@inquirer/core": "^10.1.11", "@inquirer/type": "^3.0.6", "yoctocolors-cjs": "^2.1.2" }, "peerDependencies": { "@types/node": ">=18" }, "optionalPeers": ["@types/node"] }, "sha512-HgYNWuZLHX6q5y4hqKhwyytqAghmx35xikOGY3TcgNiElqXGPas24+UzNPOwGUZa5Dn32y25xJqVeUcGlTv+QQ=="],

    "@inquirer/figures": ["@inquirer/figures@1.0.11", "", {}, "sha512-eOg92lvrn/aRUqbxRyvpEWnrvRuTYRifixHkYVpJiygTgVSBIHDqLh0SrMQXkafvULg3ck11V7xvR+zcgvpHFw=="],

    "@inquirer/input": ["@inquirer/input@4.1.10", "", { "dependencies": { "@inquirer/core": "^10.1.11", "@inquirer/type": "^3.0.6" }, "peerDependencies": { "@types/node": ">=18" }, "optionalPeers": ["@types/node"] }, "sha512-kV3BVne3wJ+j6reYQUZi/UN9NZGZLxgc/tfyjeK3mrx1QI7RXPxGp21IUTv+iVHcbP4ytZALF8vCHoxyNSC6qg=="],

    "@inquirer/number": ["@inquirer/number@3.0.13", "", { "dependencies": { "@inquirer/core": "^10.1.11", "@inquirer/type": "^3.0.6" }, "peerDependencies": { "@types/node": ">=18" }, "optionalPeers": ["@types/node"] }, "sha512-IrLezcg/GWKS8zpKDvnJ/YTflNJdG0qSFlUM/zNFsdi4UKW/CO+gaJpbMgQ20Q58vNKDJbEzC6IebdkprwL6ew=="],

    "@inquirer/password": ["@inquirer/password@4.0.13", "", { "dependencies": { "@inquirer/core": "^10.1.11", "@inquirer/type": "^3.0.6", "ansi-escapes": "^4.3.2" }, "peerDependencies": { "@types/node": ">=18" }, "optionalPeers": ["@types/node"] }, "sha512-NN0S/SmdhakqOTJhDwOpeBEEr8VdcYsjmZHDb0rblSh2FcbXQOr+2IApP7JG4WE3sxIdKytDn4ed3XYwtHxmJQ=="],

    "@inquirer/prompts": ["@inquirer/prompts@7.5.1", "", { "dependencies": { "@inquirer/checkbox": "^4.1.6", "@inquirer/confirm": "^5.1.10", "@inquirer/editor": "^4.2.11", "@inquirer/expand": "^4.0.13", "@inquirer/input": "^4.1.10", "@inquirer/number": "^3.0.13", "@inquirer/password": "^4.0.13", "@inquirer/rawlist": "^4.1.1", "@inquirer/search": "^3.0.13", "@inquirer/select": "^4.2.1" }, "peerDependencies": { "@types/node": ">=18" }, "optionalPeers": ["@types/node"] }, "sha512-5AOrZPf2/GxZ+SDRZ5WFplCA2TAQgK3OYrXCYmJL5NaTu4ECcoWFlfUZuw7Es++6Njv7iu/8vpYJhuzxUH76Vg=="],

    "@inquirer/rawlist": ["@inquirer/rawlist@4.1.1", "", { "dependencies": { "@inquirer/core": "^10.1.11", "@inquirer/type": "^3.0.6", "yoctocolors-cjs": "^2.1.2" }, "peerDependencies": { "@types/node": ">=18" }, "optionalPeers": ["@types/node"] }, "sha512-VBUC0jPN2oaOq8+krwpo/mf3n/UryDUkKog3zi+oIi8/e5hykvdntgHUB9nhDM78RubiyR1ldIOfm5ue+2DeaQ=="],

    "@inquirer/search": ["@inquirer/search@3.0.13", "", { "dependencies": { "@inquirer/core": "^10.1.11", "@inquirer/figures": "^1.0.11", "@inquirer/type": "^3.0.6", "yoctocolors-cjs": "^2.1.2" }, "peerDependencies": { "@types/node": ">=18" }, "optionalPeers": ["@types/node"] }, "sha512-9g89d2c5Izok/Gw/U7KPC3f9kfe5rA1AJ24xxNZG0st+vWekSk7tB9oE+dJv5JXd0ZSijomvW0KPMoBd8qbN4g=="],

    "@inquirer/select": ["@inquirer/select@4.2.1", "", { "dependencies": { "@inquirer/core": "^10.1.11", "@inquirer/figures": "^1.0.11", "@inquirer/type": "^3.0.6", "ansi-escapes": "^4.3.2", "yoctocolors-cjs": "^2.1.2" }, "peerDependencies": { "@types/node": ">=18" }, "optionalPeers": ["@types/node"] }, "sha512-gt1Kd5XZm+/ddemcT3m23IP8aD8rC9drRckWoP/1f7OL46Yy2FGi8DSmNjEjQKtPl6SV96Kmjbl6p713KXJ/Jg=="],

    "@inquirer/type": ["@inquirer/type@3.0.6", "", { "peerDependencies": { "@types/node": ">=18" }, "optionalPeers": ["@types/node"] }, "sha512-/mKVCtVpyBu3IDarv0G+59KC4stsD5mDsGpYh+GKs1NZT88Jh52+cuoA1AtLk2Q0r/quNl+1cSUyLRHBFeD0XA=="],

    "@types/bun": ["@types/bun@1.2.13", "", { "dependencies": { "bun-types": "1.2.13" } }, "sha512-u6vXep/i9VBxoJl3GjZsl/BFIsvML8DfVDO0RYLEwtSZSp981kEO1V5NwRcO1CPJ7AmvpbnDCiMKo3JvbDEjAg=="],

    "@types/node": ["@types/node@22.15.19", "", { "dependencies": { "undici-types": "~6.21.0" } }, "sha512-3vMNr4TzNQyjHcRZadojpRaD9Ofr6LsonZAoQ+HMUa/9ORTPoxVIw0e0mpqWpdjj8xybyCM+oKOUH2vwFu/oEw=="],

    "@types/react": ["@types/react@19.1.4", "", { "dependencies": { "csstype": "^3.0.2" } }, "sha512-EB1yiiYdvySuIITtD5lhW4yPyJ31RkJkkDw794LaQYrxCSaQV/47y5o1FMC4zF9ZyjUjzJMZwbovEnT5yHTW6g=="],

    "@types/react-dom": ["@types/react-dom@19.1.5", "", { "peerDependencies": { "@types/react": "^19.0.0" } }, "sha512-CMCjrWucUBZvohgZxkjd6S9h0nZxXjzus6yDfUb+xLxYM7VvjKNH1tQrE9GWLql1XoOP4/Ds3bwFqShHUYraGg=="],

    "@types/yargs": ["@types/yargs@17.0.33", "", { "dependencies": { "@types/yargs-parser": "*" } }, "sha512-WpxBCKWPLr4xSsHgz511rFJAM+wS28w2zEO1QDNY5zM/S8ok70NNfztH0xwhqKyaK0OHCbN98LDAZuy1ctxDkA=="],

    "@types/yargs-parser": ["@types/yargs-parser@21.0.3", "", {}, "sha512-I4q9QU9MQv4oEOz4tAHJtNz1cwuLxn2F3xcc2iV5WdqLPpUnj30aUuxt1mAxYTG+oe8CZMV/+6rU4S4gRDzqtQ=="],

    "ansi-escapes": ["ansi-escapes@4.3.2", "", { "dependencies": { "type-fest": "^0.21.3" } }, "sha512-gKXj5ALrKWQLsYG9jlTRmR/xKluxHV+Z9QEwNIgCfM1/uwPMCuzVVnh5mwTd+OuBZcwSIMbqssNWRm1lE51QaQ=="],

    "ansi-regex": ["ansi-regex@6.1.0", "", {}, "sha512-7HSX4QQb4CspciLpVFwyRe79O3xsIZDDLER21kERQ71oaPodF8jL725AgJMFAYbooIqolJoRLuM81SpeUkpkvA=="],

    "ansi-styles": ["ansi-styles@4.3.0", "", { "dependencies": { "color-convert": "^2.0.1" } }, "sha512-zbB9rCJAT1rbjiVDb2hqKFHNYLxgtk8NURxZ3IZwD3F6NtxbXZQCnnSi1Lkx+IDohdPlFp222wVALIheZJQSEg=="],

    "arktype": ["arktype@2.1.20", "", { "dependencies": { "@ark/schema": "0.46.0", "@ark/util": "0.46.0" } }, "sha512-IZCEEXaJ8g+Ijd59WtSYwtjnqXiwM8sWQ5EjGamcto7+HVN9eK0C4p0zDlCuAwWhpqr6fIBkxPuYDl4/Mcj/+Q=="],

    "bun-plugin-tailwind": ["bun-plugin-tailwind@0.0.15", "", { "peerDependencies": { "typescript": "^5.0.0" } }, "sha512-qtAXMNGG4R0UGGI8zWrqm2B7BdXqx48vunJXBPzfDOHPA5WkRUZdTSbE7TFwO4jLhYqSE23YMWsM9NhE6ovobw=="],

    "bun-types": ["bun-types@1.2.13", "", { "dependencies": { "@types/node": "*" } }, "sha512-rRjA1T6n7wto4gxhAO/ErZEtOXyEZEmnIHQfl0Dt1QQSB4QV0iP6BZ9/YB5fZaHFQ2dwHFrmPaRQ9GGMX01k9Q=="],

    "chalk": ["chalk@5.4.1", "", {}, "sha512-zgVZuo2WcZgfUEmsn6eO3kINexW8RAE4maiQ8QNs8CtpPCSyMiYsULR3HQYkm3w8FIA3SberyMJMSldGsW+U3w=="],

    "chardet": ["chardet@0.7.0", "", {}, "sha512-mT8iDcrh03qDGRRmoA2hmBJnxpllMR+0/0qlzjqZES6NdiWDcZkCNAk4rPFZ9Q85r27unkiNNg8ZOiwZXBHwcA=="],

    "cli-cursor": ["cli-cursor@5.0.0", "", { "dependencies": { "restore-cursor": "^5.0.0" } }, "sha512-aCj4O5wKyszjMmDT4tZj93kxyydN/K5zPWSCe6/0AV/AA1pqe5ZBIw0a2ZfPQV7lL5/yb5HsUreJ6UFAF1tEQw=="],

    "cli-spinners": ["cli-spinners@2.9.2", "", {}, "sha512-ywqV+5MmyL4E7ybXgKys4DugZbX0FC6LnwrhjuykIjnK9k8OQacQ7axGKnjDXWNhns0xot3bZI5h55H8yo9cJg=="],

    "cli-width": ["cli-width@4.1.0", "", {}, "sha512-ouuZd4/dm2Sw5Gmqy6bGyNNNe1qt9RpmxveLSO7KcgsTnU7RXfsw+/bukWGo1abgBiMAic068rclZsO4IWmmxQ=="],

    "cliui": ["cliui@8.0.1", "", { "dependencies": { "string-width": "^4.2.0", "strip-ansi": "^6.0.1", "wrap-ansi": "^7.0.0" } }, "sha512-BSeNnyus75C4//NQ9gQt1/csTXyo/8Sb+afLAkzAptFuMsod9HFokGNudZpi/oQV73hnVK+sR+5PVRMd+Dr7YQ=="],

    "color-convert": ["color-convert@2.0.1", "", { "dependencies": { "color-name": "~1.1.4" } }, "sha512-RRECPsj7iu/xb5oKYcsFHSppFNnsj/52OVTRKb4zP5onXwVF3zVmmToNcOfGC+CRDpfK/U584fMg38ZHCaElKQ=="],

    "color-name": ["color-name@1.1.4", "", {}, "sha512-dOy+3AuW3a2wNbZHIuMZpTcgjGuLU/uBL/ubcZF9OXbDo8ff4O8yVp5Bf0efS8uEoYo5q4Fx7dY9OgQGXgAsQA=="],

    "csstype": ["csstype@3.1.3", "", {}, "sha512-M1uQkMl8rQK/szD0LNhtqxIPLpimGm8sOBwU7lLnCpSbTyY3yeU1Vc7l4KT5zT4s/yOxHH5O7tIuuLOCnLADRw=="],

    "data-uri-to-buffer": ["data-uri-to-buffer@4.0.1", "", {}, "sha512-0R9ikRb668HB7QDxT1vkpuUBtqc53YyAwMwGeUFKRojY/NWKvdZ+9UYtRfGmhqNbRkTSVpMbmyhXipFFv2cb/A=="],

    "emoji-regex": ["emoji-regex@10.4.0", "", {}, "sha512-EC+0oUMY1Rqm4O6LLrgjtYDvcVYTy7chDnM4Q7030tP4Kwj3u/pR6gP9ygnp2CJMK5Gq+9Q2oqmrFJAz01DXjw=="],

    "escalade": ["escalade@3.2.0", "", {}, "sha512-WUj2qlxaQtO4g6Pq5c29GTcWGDyd8itL8zTlipgECz3JesAiiOKotd8JU6otB3PACgG6xkJUyVhboMS+bje/jA=="],

    "external-editor": ["external-editor@3.1.0", "", { "dependencies": { "chardet": "^0.7.0", "iconv-lite": "^0.4.24", "tmp": "^0.0.33" } }, "sha512-hMQ4CX1p1izmuLYyZqLMO/qGNw10wSv9QDCPfzXfyFrOaCSSoRfqE1Kf1s5an66J5JZC62NewG+mK49jOCtQew=="],

    "fetch-blob": ["fetch-blob@3.2.0", "", { "dependencies": { "node-domexception": "^1.0.0", "web-streams-polyfill": "^3.0.3" } }, "sha512-7yAQpD2UMJzLi1Dqv7qFYnPbaPx7ZfFK6PiIxQ4PfkGPyNyl2Ugx+a/umUonmKqjhM4DnfbMvdX6otXq83soQQ=="],

    "figlet": ["figlet@1.8.1", "", { "bin": { "figlet": "bin/index.js" } }, "sha512-kEC3Sme+YvA8Hkibv0NR1oClGcWia0VB2fC1SlMy027cwe795Xx40Xiv/nw/iFAwQLupymWh+uhAAErn/7hwPg=="],

    "formdata-polyfill": ["formdata-polyfill@4.0.10", "", { "dependencies": { "fetch-blob": "^3.1.2" } }, "sha512-buewHzMvYL29jdeQTVILecSaZKnt/RJWjoZCF5OW60Z67/GmSLBkOFM7qh1PI3zFNtJbaZL5eQu1vLfazOwj4g=="],

    "get-caller-file": ["get-caller-file@2.0.5", "", {}, "sha512-DyFP3BM/3YHTQOCUL/w0OZHR0lpKeGrxotcHWcqNEdnltqFwXVfhEBQ94eIo34AfQpo0rGki4cyIiftY06h2Fg=="],

    "get-east-asian-width": ["get-east-asian-width@1.3.0", "", {}, "sha512-vpeMIQKxczTD/0s2CdEWHcb0eeJe6TFjxb+J5xgX7hScxqrGuyjmv4c1D4A/gelKfyox0gJJwIHF+fLjeaM8kQ=="],

    "iconv-lite": ["iconv-lite@0.4.24", "", { "dependencies": { "safer-buffer": ">= 2.1.2 < 3" } }, "sha512-v3MXnZAcvnywkTUEZomIActle7RXXeedOR31wwl7VlyoXO4Qi9arvSenNQWne1TcRwhCL1HwLI21bEqdpj8/rA=="],

    "inquirer": ["inquirer@12.6.1", "", { "dependencies": { "@inquirer/core": "^10.1.11", "@inquirer/prompts": "^7.5.1", "@inquirer/type": "^3.0.6", "ansi-escapes": "^4.3.2", "mute-stream": "^2.0.0", "run-async": "^3.0.0", "rxjs": "^7.8.2" }, "peerDependencies": { "@types/node": ">=18" }, "optionalPeers": ["@types/node"] }, "sha512-MGFnzHVS3l3oM3cy+LWkyR7UUtVEn3D5U41CZbEY34szToWoJAvaVtCTz1mxsEzZFk/HXWyCArn0HDgloTXMDw=="],

    "is-fullwidth-code-point": ["is-fullwidth-code-point@3.0.0", "", {}, "sha512-zymm5+u+sCsSWyD9qNaejV3DFvhCKclKdizYaJUuHA83RLjb7nSuGnddCHGv0hk+KY7BMAlsWeK4Ueg6EV6XQg=="],

    "is-interactive": ["is-interactive@2.0.0", "", {}, "sha512-qP1vozQRI+BMOPcjFzrjXuQvdak2pHNUMZoeG2eRbiSqyvbEf/wQtEOTOX1guk6E3t36RkaqiSt8A/6YElNxLQ=="],

    "is-unicode-supported": ["is-unicode-supported@2.1.0", "", {}, "sha512-mE00Gnza5EEB3Ds0HfMyllZzbBrmLOX3vfWoj9A9PEnTfratQ/BcaJOuMhnkhjXvb2+FkY3VuHqtAGpTPmglFQ=="],

    "log-symbols": ["log-symbols@6.0.0", "", { "dependencies": { "chalk": "^5.3.0", "is-unicode-supported": "^1.3.0" } }, "sha512-i24m8rpwhmPIS4zscNzK6MSEhk0DUWa/8iYQWxhffV8jkI4Phvs3F+quL5xvS0gdQR0FyTCMMH33Y78dDTzzIw=="],

    "mimic-function": ["mimic-function@5.0.1", "", {}, "sha512-VP79XUPxV2CigYP3jWwAUFSku2aKqBH7uTAapFWCBqutsbmDo96KY5o8uh6U+/YSIn5OxJnXp73beVkpqMIGhA=="],

    "mute-stream": ["mute-stream@2.0.0", "", {}, "sha512-WWdIxpyjEn+FhQJQQv9aQAYlHoNVdzIzUySNV1gHUPDSdZJ3yZn7pAAbQcV7B56Mvu881q9FZV+0Vx2xC44VWA=="],

    "node-domexception": ["node-domexception@1.0.0", "", {}, "sha512-/jKZoMpw0F8GRwl4/eLROPA3cfcXtLApP0QzLmUT/HuPCZWyB7IY9ZrMeKw2O/nFIqPQB3PVM9aYm0F312AXDQ=="],

    "node-fetch": ["node-fetch@3.3.2", "", { "dependencies": { "data-uri-to-buffer": "^4.0.0", "fetch-blob": "^3.1.4", "formdata-polyfill": "^4.0.10" } }, "sha512-dRB78srN/l6gqWulah9SrxeYnxeddIG30+GOqK/9OlLVyLg3HPnr6SqOWTWOXKRwC2eGYCkZ59NNuSgvSrpgOA=="],

    "onetime": ["onetime@7.0.0", "", { "dependencies": { "mimic-function": "^5.0.0" } }, "sha512-VXJjc87FScF88uafS3JllDgvAm+c/Slfz06lorj2uAY34rlUu0Nt+v8wreiImcrgAjjIHp1rXpTDlLOGw29WwQ=="],

    "ora": ["ora@8.2.0", "", { "dependencies": { "chalk": "^5.3.0", "cli-cursor": "^5.0.0", "cli-spinners": "^2.9.2", "is-interactive": "^2.0.0", "is-unicode-supported": "^2.0.0", "log-symbols": "^6.0.0", "stdin-discarder": "^0.2.2", "string-width": "^7.2.0", "strip-ansi": "^7.1.0" } }, "sha512-weP+BZ8MVNnlCm8c0Qdc1WSWq4Qn7I+9CJGm7Qali6g44e/PUzbjNqJX5NJ9ljlNMosfJvg1fKEGILklK9cwnw=="],

    "os-tmpdir": ["os-tmpdir@1.0.2", "", {}, "sha512-D2FR03Vir7FIu45XBY20mTb+/ZSWB00sjU9jdQXt83gDrI4Ztz5Fs7/yy74g2N5SVQY4xY1qDr4rNddwYRVX0g=="],

    "react": ["react@19.1.0", "", {}, "sha512-FS+XFBNvn3GTAWq26joslQgWNoFu08F4kl0J4CgdNKADkdSGXQyTCnKteIAJy96Br6YbpEU1LSzV5dYtjMkMDg=="],

    "react-dom": ["react-dom@19.1.0", "", { "dependencies": { "scheduler": "^0.26.0" }, "peerDependencies": { "react": "^19.1.0" } }, "sha512-Xs1hdnE+DyKgeHJeJznQmYMIBG3TKIHJJT95Q58nHLSrElKlGQqDTR2HQ9fx5CN/Gk6Vh/kupBTDLU11/nDk/g=="],

    "require-directory": ["require-directory@2.1.1", "", {}, "sha512-fGxEI7+wsG9xrvdjsrlmL22OMTTiHRwAMroiEeMgq8gzoLC/PQr7RsRDSTLUg/bZAZtF+TVIkHc6/4RIKrui+Q=="],

    "restore-cursor": ["restore-cursor@5.1.0", "", { "dependencies": { "onetime": "^7.0.0", "signal-exit": "^4.1.0" } }, "sha512-oMA2dcrw6u0YfxJQXm342bFKX/E4sG9rbTzO9ptUcR/e8A33cHuvStiYOwH7fszkZlZ1z/ta9AAoPk2F4qIOHA=="],

    "run-async": ["run-async@3.0.0", "", {}, "sha512-540WwVDOMxA6dN6We19EcT9sc3hkXPw5mzRNGM3FkdN/vtE9NFvj5lFAPNwUDmJjXidm3v7TC1cTE7t17Ulm1Q=="],

    "rxjs": ["rxjs@7.8.2", "", { "dependencies": { "tslib": "^2.1.0" } }, "sha512-dhKf903U/PQZY6boNNtAGdWbG85WAbjT/1xYoZIC7FAY0yWapOBQVsVrDl58W86//e1VpMNBtRV4MaXfdMySFA=="],

    "safer-buffer": ["safer-buffer@2.1.2", "", {}, "sha512-YZo3K82SD7Riyi0E1EQPojLz7kpepnSQI9IyPbHHg1XXXevb5dJI7tpyN2ADxGcQbHG7vcyRHk0cbwqcQriUtg=="],

    "scheduler": ["scheduler@0.26.0", "", {}, "sha512-NlHwttCI/l5gCPR3D1nNXtWABUmBwvZpEQiD4IXSbIDq8BzLIK/7Ir5gTFSGZDUu37K5cMNp0hFtzO38sC7gWA=="],

    "signal-exit": ["signal-exit@4.1.0", "", {}, "sha512-bzyZ1e88w9O1iNJbKnOlvYTrWPDl46O1bG0D3XInv+9tkPrxrN8jUUTiFlDkkmKWgn1M6CfIA13SuGqOa9Korw=="],

    "stdin-discarder": ["stdin-discarder@0.2.2", "", {}, "sha512-UhDfHmA92YAlNnCfhmq0VeNL5bDbiZGg7sZ2IvPsXubGkiNa9EC+tUTsjBRsYUAz87btI6/1wf4XoVvQ3uRnmQ=="],

    "string-width": ["string-width@7.2.0", "", { "dependencies": { "emoji-regex": "^10.3.0", "get-east-asian-width": "^1.0.0", "strip-ansi": "^7.1.0" } }, "sha512-tsaTIkKW9b4N+AEj+SVA+WhJzV7/zMhcSu78mLKWSk7cXMOSHsBKFWUs0fWwq8QyK3MgJBQRX6Gbi4kYbdvGkQ=="],

    "strip-ansi": ["strip-ansi@7.1.0", "", { "dependencies": { "ansi-regex": "^6.0.1" } }, "sha512-iq6eVVI64nQQTRYq2KtEg2d2uU7LElhTJwsH4YzIHZshxlgZms/wIc4VoDQTlG/IvVIrBKG06CrZnp0qv7hkcQ=="],

    "tailwindcss": ["tailwindcss@4.1.7", "", {}, "sha512-kr1o/ErIdNhTz8uzAYL7TpaUuzKIE6QPQ4qmSdxnoX/lo+5wmUHQA6h3L5yIqEImSRnAAURDirLu/BgiXGPAhg=="],

    "tmp": ["tmp@0.0.33", "", { "dependencies": { "os-tmpdir": "~1.0.2" } }, "sha512-jRCJlojKnZ3addtTOjdIqoRuPEKBvNXcGYqzO6zWZX8KfKEpnGY5jfggJQ3EjKuu8D4bJRr0y+cYJFmYbImXGw=="],

    "tslib": ["tslib@2.8.1", "", {}, "sha512-oJFu94HQb+KVduSUQL7wnpmqnfmLsOA/nAh6b6EH0wCEoK0/mPeXU6c3wKDV83MkOuHPRHtSXKKU99IBazS/2w=="],

    "type-fest": ["type-fest@0.21.3", "", {}, "sha512-t0rzBq87m3fVcduHDUFhKmyyX+9eo6WQjZvf51Ea/M0Q7+T374Jp1aUiyUl0GKxp8M/OETVHSDvmkyPgvX+X2w=="],

    "typescript": ["typescript@5.8.3", "", { "bin": { "tsc": "bin/tsc", "tsserver": "bin/tsserver" } }, "sha512-p1diW6TqL9L07nNxvRMM7hMMw4c5XOo/1ibL4aAIGmSAt9slTE1Xgw5KWuof2uTOvCg9BY7ZRi+GaF+7sfgPeQ=="],

    "undici-types": ["undici-types@6.21.0", "", {}, "sha512-iwDZqg0QAGrg9Rav5H4n0M64c3mkR59cJ6wQp+7C4nI0gsmExaedaYLNO44eT4AtBBwjbTiGPMlt2Md0T9H9JQ=="],

    "web-streams-polyfill": ["web-streams-polyfill@3.3.3", "", {}, "sha512-d2JWLCivmZYTSIoge9MsgFCZrt571BikcWGYkjC1khllbTeDlGqZ2D8vD8E/lJa8WGWbb7Plm8/XJYV7IJHZZw=="],

    "wrap-ansi": ["wrap-ansi@6.2.0", "", { "dependencies": { "ansi-styles": "^4.0.0", "string-width": "^4.1.0", "strip-ansi": "^6.0.0" } }, "sha512-r6lPcBGxZXlIcymEu7InxDMhdW0KDxpLgoFLcguasxCaJ/SOIZwINatK9KY/tf+ZrlywOKU0UDj3ATXUBfxJXA=="],

    "y18n": ["y18n@5.0.8", "", {}, "sha512-0pfFzegeDWJHJIAmTLRP2DwHjdF5s7jo9tuztdQxAhINCdvS+3nGINqPd00AphqJR/0LhANUS6/+7SCb98YOfA=="],

    "yargs": ["yargs@17.7.2", "", { "dependencies": { "cliui": "^8.0.1", "escalade": "^3.1.1", "get-caller-file": "^2.0.5", "require-directory": "^2.1.1", "string-width": "^4.2.3", "y18n": "^5.0.5", "yargs-parser": "^21.1.1" } }, "sha512-7dSzzRQ++CKnNI/krKnYRV7JKKPUXMEh61soaHKg9mrWEhzFWhFnxPxGl+69cD1Ou63C13NUPCnmIcrvqCuM6w=="],

    "yargs-parser": ["yargs-parser@21.1.1", "", {}, "sha512-tVpsJW7DdjecAiFpbIB1e3qxIQsE6NoPc5/eTdrbbIC4h0LVsWhnoa3g+m2HclBIujHzsxZ4VJVA+GUuc2/LBw=="],

    "yoctocolors-cjs": ["yoctocolors-cjs@2.1.2", "", {}, "sha512-cYVsTjKl8b+FrnidjibDWskAv7UKOfcwaVZdp/it9n1s9fU3IkgDbhdIRKCW4JDsAlECJY0ytoVPT3sK6kideA=="],

    "cliui/string-width": ["string-width@4.2.3", "", { "dependencies": { "emoji-regex": "^8.0.0", "is-fullwidth-code-point": "^3.0.0", "strip-ansi": "^6.0.1" } }, "sha512-wKyQRQpjJ0sIp62ErSZdGsjMJWsap5oRNihHhu6G7JVO/9jIB6UyevL+tXuOqrng8j/cxKTWyWUwvSTriiZz/g=="],

    "cliui/strip-ansi": ["strip-ansi@6.0.1", "", { "dependencies": { "ansi-regex": "^5.0.1" } }, "sha512-Y38VPSHcqkFrCpFnQ9vuSXmquuv5oXOKpGeT6aGrr3o3Gc9AlVa6JBfUSOCnbxGGZF+/0ooI7KrPuUSztUdU5A=="],

    "cliui/wrap-ansi": ["wrap-ansi@7.0.0", "", { "dependencies": { "ansi-styles": "^4.0.0", "string-width": "^4.1.0", "strip-ansi": "^6.0.0" } }, "sha512-YVGIj2kamLSTxw6NsZjoBxfSwsn0ycdesmc4p+Q21c5zPuZ1pl+NfxVdxPtdHvmNVOQ6XSYG4AUtyt/Fi7D16Q=="],

    "log-symbols/is-unicode-supported": ["is-unicode-supported@1.3.0", "", {}, "sha512-43r2mRvz+8JRIKnWJ+3j8JtjRKZ6GmjzfaE/qiBJnikNnYv/6bagRJ1kUhNk8R5EX/GkobD+r+sfxCPJsiKBLQ=="],

    "wrap-ansi/string-width": ["string-width@4.2.3", "", { "dependencies": { "emoji-regex": "^8.0.0", "is-fullwidth-code-point": "^3.0.0", "strip-ansi": "^6.0.1" } }, "sha512-wKyQRQpjJ0sIp62ErSZdGsjMJWsap5oRNihHhu6G7JVO/9jIB6UyevL+tXuOqrng8j/cxKTWyWUwvSTriiZz/g=="],

    "wrap-ansi/strip-ansi": ["strip-ansi@6.0.1", "", { "dependencies": { "ansi-regex": "^5.0.1" } }, "sha512-Y38VPSHcqkFrCpFnQ9vuSXmquuv5oXOKpGeT6aGrr3o3Gc9AlVa6JBfUSOCnbxGGZF+/0ooI7KrPuUSztUdU5A=="],

    "yargs/string-width": ["string-width@4.2.3", "", { "dependencies": { "emoji-regex": "^8.0.0", "is-fullwidth-code-point": "^3.0.0", "strip-ansi": "^6.0.1" } }, "sha512-wKyQRQpjJ0sIp62ErSZdGsjMJWsap5oRNihHhu6G7JVO/9jIB6UyevL+tXuOqrng8j/cxKTWyWUwvSTriiZz/g=="],

    "cliui/string-width/emoji-regex": ["emoji-regex@8.0.0", "", {}, "sha512-MSjYzcWNOA0ewAHpz0MxpYFvwg6yjy1NG3xteoqz644VCo/RPgnr1/GGt+ic3iJTzQ8Eu3TdM14SawnVUmGE6A=="],

    "cliui/strip-ansi/ansi-regex": ["ansi-regex@5.0.1", "", {}, "sha512-quJQXlTSUGL2LH9SUXo8VwsY4soanhgo6LNSm84E1LBcE8s3O0wpdiRzyR9z/ZZJMlMWv37qOOb9pdJlMUEKFQ=="],

    "wrap-ansi/string-width/emoji-regex": ["emoji-regex@8.0.0", "", {}, "sha512-MSjYzcWNOA0ewAHpz0MxpYFvwg6yjy1NG3xteoqz644VCo/RPgnr1/GGt+ic3iJTzQ8Eu3TdM14SawnVUmGE6A=="],

    "wrap-ansi/strip-ansi/ansi-regex": ["ansi-regex@5.0.1", "", {}, "sha512-quJQXlTSUGL2LH9SUXo8VwsY4soanhgo6LNSm84E1LBcE8s3O0wpdiRzyR9z/ZZJMlMWv37qOOb9pdJlMUEKFQ=="],

    "yargs/string-width/emoji-regex": ["emoji-regex@8.0.0", "", {}, "sha512-MSjYzcWNOA0ewAHpz0MxpYFvwg6yjy1NG3xteoqz644VCo/RPgnr1/GGt+ic3iJTzQ8Eu3TdM14SawnVUmGE6A=="],

    "yargs/string-width/strip-ansi": ["strip-ansi@6.0.1", "", { "dependencies": { "ansi-regex": "^5.0.1" } }, "sha512-Y38VPSHcqkFrCpFnQ9vuSXmquuv5oXOKpGeT6aGrr3o3Gc9AlVa6JBfUSOCnbxGGZF+/0ooI7KrPuUSztUdU5A=="],

    "yargs/string-width/strip-ansi/ansi-regex": ["ansi-regex@5.0.1", "", {}, "sha512-quJQXlTSUGL2LH9SUXo8VwsY4soanhgo6LNSm84E1LBcE8s3O0wpdiRzyR9z/ZZJMlMWv37qOOb9pdJlMUEKFQ=="],
  }
}
